// !$*UTF8*$!
{
	archiveVersion = 1;
	classes = {
	};
	objectVersion = 45;
	objects = {

/* Begin PBXBuildFile section */
		1D3623260D0F684500981E51 /* MyTop1AppDelegate.m in Sources */ = {isa = PBXBuildFile; fileRef = 1D3623250D0F684500981E51 /* MyTop1AppDelegate.m */; };
		1D60589B0D05DD56006BFB54 /* main.m in Sources */ = {isa = PBXBuildFile; fileRef = 29B97316FDCFA39411CA2CEA /* main.m */; };
		1D60589F0D05DD5A006BFB54 /* Foundation.framework in Frameworks */ = {isa = PBXBuildFile; fileRef = 1D30AB110D05D00D00671497 /* Foundation.framework */; };
		1DF5F4E00D08C38300B7A737 /* UIKit.framework in Frameworks */ = {isa = PBXBuildFile; fileRef = 1DF5F4DF0D08C38300B7A737 /* UIKit.framework */; };
		288765A50DF7441C002DB57D /* CoreGraphics.framework in Frameworks */ = {isa = PBXBuildFile; fileRef = 288765A40DF7441C002DB57D /* CoreGraphics.framework */; };
		2899E5220DE3E06400AC0155 /* MyTop1ViewController.xib in Resources */ = {isa = PBXBuildFile; fileRef = 2899E5210DE3E06400AC0155 /* MyTop1ViewController.xib */; };
		28AD733F0D9D9553002E5188 /* MainWindow.xib in Resources */ = {isa = PBXBuildFile; fileRef = 28AD733E0D9D9553002E5188 /* MainWindow.xib */; };
		28D7ACF80DDB3853001CB0EB /* MyTop1ViewController.m in Sources */ = {isa = PBXBuildFile; fileRef = 28D7ACF70DDB3853001CB0EB /* MyTop1ViewController.m */; };
		AA193971133979630048FC7D /* my_top_1.png in Resources */ = {isa = PBXBuildFile; fileRef = AA193970133979630048FC7D /* my_top_1.png */; };
		AA2166AB1317E3C00064ED70 /* AddressBookUI.framework in Frameworks */ = {isa = PBXBuildFile; fileRef = AA2166AA1317E3C00064ED70 /* AddressBookUI.framework */; };
		AA2167381317ECAC0064ED70 /* AddressBook.framework in Frameworks */ = {isa = PBXBuildFile; fileRef = AA2167371317ECAC0064ED70 /* AddressBook.framework */; };
		AA28D52C134AD3420095215F /* 1.PNG in Resources */ = {isa = PBXBuildFile; fileRef = AA28D525134AD3420095215F /* 1.PNG */; };
		AA28D52D134AD3420095215F /* 2.PNG in Resources */ = {isa = PBXBuildFile; fileRef = AA28D526134AD3420095215F /* 2.PNG */; };
		AA28D52E134AD3420095215F /* 3.PNG in Resources */ = {isa = PBXBuildFile; fileRef = AA28D527134AD3420095215F /* 3.PNG */; };
		AA28D52F134AD3420095215F /* 4.PNG in Resources */ = {isa = PBXBuildFile; fileRef = AA28D528134AD3420095215F /* 4.PNG */; };
		AA28D530134AD3420095215F /* 5.PNG in Resources */ = {isa = PBXBuildFile; fileRef = AA28D529134AD3420095215F /* 5.PNG */; };
		AA28D531134AD3420095215F /* 6.PNG in Resources */ = {isa = PBXBuildFile; fileRef = AA28D52A134AD3420095215F /* 6.PNG */; };
		AA28D532134AD3420095215F /* 7.PNG in Resources */ = {isa = PBXBuildFile; fileRef = AA28D52B134AD3420095215F /* 7.PNG */; };
		AA370B20133AD6F60096922C /* Call.m in Sources */ = {isa = PBXBuildFile; fileRef = AA370B17133AD6F60096922C /* Call.m */; };
		AA370B21133AD6F60096922C /* Messages.m in Sources */ = {isa = PBXBuildFile; fileRef = AA370B19133AD6F60096922C /* Messages.m */; };
		AA370B22133AD6F60096922C /* README.mkdn in Resources */ = {isa = PBXBuildFile; fileRef = AA370B1A133AD6F60096922C /* README.mkdn */; };
		AA370B23133AD6F60096922C /* UIAlertView+ShowMessage.m in Sources */ = {isa = PBXBuildFile; fileRef = AA370B1C133AD6F60096922C /* UIAlertView+ShowMessage.m */; };
		AA370B24133AD6F60096922C /* UIDevice+SupportedFeatures.m in Sources */ = {isa = PBXBuildFile; fileRef = AA370B1E133AD6F60096922C /* UIDevice+SupportedFeatures.m */; };
		AA438938131C0976000AD80A /* Settings.bundle in Resources */ = {isa = PBXBuildFile; fileRef = AA438937131C0976000AD80A /* Settings.bundle */; };
		AA71A91A134942F200371B36 /* my_top_1_small.png in Resources */ = {isa = PBXBuildFile; fileRef = AA71A919134942F200371B36 /* my_top_1_small.png */; };
		AAA26F7F134C16250083B7B1 /* iTunesArtwork in Resources */ = {isa = PBXBuildFile; fileRef = AAA26F78134C16250083B7B1 /* iTunesArtwork */; };
		AAA26F80134C16250083B7B1 /* my_top_1_29.png in Resources */ = {isa = PBXBuildFile; fileRef = AAA26F79134C16250083B7B1 /* my_top_1_29.png */; };
		AAA26F81134C16250083B7B1 /* my_top_1_50.png in Resources */ = {isa = PBXBuildFile; fileRef = AAA26F7A134C16250083B7B1 /* my_top_1_50.png */; };
		AAA26F82134C16250083B7B1 /* my_top_1_57.png in Resources */ = {isa = PBXBuildFile; fileRef = AAA26F7B134C16250083B7B1 /* my_top_1_57.png */; };
		AAA26F83134C16250083B7B1 /* my_top_1_58.png in Resources */ = {isa = PBXBuildFile; fileRef = AAA26F7C134C16250083B7B1 /* my_top_1_58.png */; };
		AAA26F84134C16250083B7B1 /* my_top_1_72.png in Resources */ = {isa = PBXBuildFile; fileRef = AAA26F7D134C16250083B7B1 /* my_top_1_72.png */; };
		AAA26F85134C16250083B7B1 /* my_top_1_114.png in Resources */ = {isa = PBXBuildFile; fileRef = AAA26F7E134C16250083B7B1 /* my_top_1_114.png */; };
/* End PBXBuildFile section */

/* Begin PBXFileReference section */
		1D30AB110D05D00D00671497 /* Foundation.framework */ = {isa = PBXFileReference; lastKnownFileType = wrapper.framework; name = Foundation.framework; path = System/Library/Frameworks/Foundation.framework; sourceTree = SDKROOT; };
		1D3623240D0F684500981E51 /* MyTop1AppDelegate.h */ = {isa = PBXFileReference; fileEncoding = 4; lastKnownFileType = sourcecode.c.h; path = MyTop1AppDelegate.h; sourceTree = "<group>"; };
		1D3623250D0F684500981E51 /* MyTop1AppDelegate.m */ = {isa = PBXFileReference; fileEncoding = 4; lastKnownFileType = sourcecode.c.objc; path = MyTop1AppDelegate.m; sourceTree = "<group>"; };
		1D6058910D05DD3D006BFB54 /* MyTop1.app */ = {isa = PBXFileReference; explicitFileType = wrapper.application; includeInIndex = 0; path = MyTop1.app; sourceTree = BUILT_PRODUCTS_DIR; };
		1DF5F4DF0D08C38300B7A737 /* UIKit.framework */ = {isa = PBXFileReference; lastKnownFileType = wrapper.framework; name = UIKit.framework; path = System/Library/Frameworks/UIKit.framework; sourceTree = SDKROOT; };
		288765A40DF7441C002DB57D /* CoreGraphics.framework */ = {isa = PBXFileReference; lastKnownFileType = wrapper.framework; name = CoreGraphics.framework; path = System/Library/Frameworks/CoreGraphics.framework; sourceTree = SDKROOT; };
		2899E5210DE3E06400AC0155 /* MyTop1ViewController.xib */ = {isa = PBXFileReference; lastKnownFileType = file.xib; path = MyTop1ViewController.xib; sourceTree = "<group>"; };
		28AD733E0D9D9553002E5188 /* MainWindow.xib */ = {isa = PBXFileReference; lastKnownFileType = file.xib; path = MainWindow.xib; sourceTree = "<group>"; };
		28D7ACF60DDB3853001CB0EB /* MyTop1ViewController.h */ = {isa = PBXFileReference; fileEncoding = 4; lastKnownFileType = sourcecode.c.h; path = MyTop1ViewController.h; sourceTree = "<group>"; };
		28D7ACF70DDB3853001CB0EB /* MyTop1ViewController.m */ = {isa = PBXFileReference; fileEncoding = 4; lastKnownFileType = sourcecode.c.objc; path = MyTop1ViewController.m; sourceTree = "<group>"; };
		29B97316FDCFA39411CA2CEA /* main.m */ = {isa = PBXFileReference; fileEncoding = 4; lastKnownFileType = sourcecode.c.objc; path = main.m; sourceTree = "<group>"; };
		32CA4F630368D1EE00C91783 /* MyTop1_Prefix.pch */ = {isa = PBXFileReference; fileEncoding = 4; lastKnownFileType = sourcecode.c.h; path = MyTop1_Prefix.pch; sourceTree = "<group>"; };
		8D1107310486CEB800E47090 /* MyTop1-Info.plist */ = {isa = PBXFileReference; fileEncoding = 4; lastKnownFileType = text.plist.xml; path = "MyTop1-Info.plist"; plistStructureDefinitionIdentifier = "com.apple.xcode.plist.structure-definition.iphone.info-plist"; sourceTree = "<group>"; };
		AA193970133979630048FC7D /* my_top_1.png */ = {isa = PBXFileReference; lastKnownFileType = image.png; path = my_top_1.png; sourceTree = "<group>"; };
		AA2166AA1317E3C00064ED70 /* AddressBookUI.framework */ = {isa = PBXFileReference; lastKnownFileType = wrapper.framework; name = AddressBookUI.framework; path = System/Library/Frameworks/AddressBookUI.framework; sourceTree = SDKROOT; };
		AA2167371317ECAC0064ED70 /* AddressBook.framework */ = {isa = PBXFileReference; lastKnownFileType = wrapper.framework; name = AddressBook.framework; path = System/Library/Frameworks/AddressBook.framework; sourceTree = SDKROOT; };
		AA28D525134AD3420095215F /* 1.PNG */ = {isa = PBXFileReference; lastKnownFileType = image.png; path = 1.PNG; sourceTree = "<group>"; };
		AA28D526134AD3420095215F /* 2.PNG */ = {isa = PBXFileReference; lastKnownFileType = image.png; path = 2.PNG; sourceTree = "<group>"; };
		AA28D527134AD3420095215F /* 3.PNG */ = {isa = PBXFileReference; lastKnownFileType = image.png; path = 3.PNG; sourceTree = "<group>"; };
		AA28D528134AD3420095215F /* 4.PNG */ = {isa = PBXFileReference; lastKnownFileType = image.png; path = 4.PNG; sourceTree = "<group>"; };
		AA28D529134AD3420095215F /* 5.PNG */ = {isa = PBXFileReference; lastKnownFileType = image.png; path = 5.PNG; sourceTree = "<group>"; };
		AA28D52A134AD3420095215F /* 6.PNG */ = {isa = PBXFileReference; lastKnownFileType = image.png; path = 6.PNG; sourceTree = "<group>"; };
		AA28D52B134AD3420095215F /* 7.PNG */ = {isa = PBXFileReference; lastKnownFileType = image.png; path = 7.PNG; sourceTree = "<group>"; };
		AA370B16133AD6F60096922C /* Call.h */ = {isa = PBXFileReference; fileEncoding = 4; lastKnownFileType = sourcecode.c.h; path = Call.h; sourceTree = "<group>"; };
		AA370B17133AD6F60096922C /* Call.m */ = {isa = PBXFileReference; fileEncoding = 4; lastKnownFileType = sourcecode.c.objc; path = Call.m; sourceTree = "<group>"; };
		AA370B18133AD6F60096922C /* Messages.h */ = {isa = PBXFileReference; fileEncoding = 4; lastKnownFileType = sourcecode.c.h; path = Messages.h; sourceTree = "<group>"; };
		AA370B19133AD6F60096922C /* Messages.m */ = {isa = PBXFileReference; fileEncoding = 4; lastKnownFileType = sourcecode.c.objc; path = Messages.m; sourceTree = "<group>"; };
		AA370B1A133AD6F60096922C /* README.mkdn */ = {isa = PBXFileReference; fileEncoding = 4; lastKnownFileType = text; path = README.mkdn; sourceTree = "<group>"; };
		AA370B1B133AD6F60096922C /* UIAlertView+ShowMessage.h */ = {isa = PBXFileReference; fileEncoding = 4; lastKnownFileType = sourcecode.c.h; path = "UIAlertView+ShowMessage.h"; sourceTree = "<group>"; };
		AA370B1C133AD6F60096922C /* UIAlertView+ShowMessage.m */ = {isa = PBXFileReference; fileEncoding = 4; lastKnownFileType = sourcecode.c.objc; path = "UIAlertView+ShowMessage.m"; sourceTree = "<group>"; };
		AA370B1D133AD6F60096922C /* UIDevice+SupportedFeatures.h */ = {isa = PBXFileReference; fileEncoding = 4; lastKnownFileType = sourcecode.c.h; path = "UIDevice+SupportedFeatures.h"; sourceTree = "<group>"; };
		AA370B1E133AD6F60096922C /* UIDevice+SupportedFeatures.m */ = {isa = PBXFileReference; fileEncoding = 4; lastKnownFileType = sourcecode.c.objc; path = "UIDevice+SupportedFeatures.m"; sourceTree = "<group>"; };
		AA370B1F133AD6F60096922C /* UIKitHelpers.h */ = {isa = PBXFileReference; fileEncoding = 4; lastKnownFileType = sourcecode.c.h; path = UIKitHelpers.h; sourceTree = "<group>"; };
		AA438937131C0976000AD80A /* Settings.bundle */ = {isa = PBXFileReference; lastKnownFileType = "wrapper.plug-in"; path = Settings.bundle; sourceTree = "<group>"; };
		AA4389F3131C2AD1000AD80A /* README.mkdn */ = {isa = PBXFileReference; fileEncoding = 4; lastKnownFileType = text; path = README.mkdn; sourceTree = "<group>"; };
		AA71A919134942F200371B36 /* my_top_1_small.png */ = {isa = PBXFileReference; lastKnownFileType = image.png; path = my_top_1_small.png; sourceTree = "<group>"; };
		AAA26F78134C16250083B7B1 /* iTunesArtwork */ = {isa = PBXFileReference; lastKnownFileType = file; path = iTunesArtwork; sourceTree = "<group>"; };
		AAA26F79134C16250083B7B1 /* my_top_1_29.png */ = {isa = PBXFileReference; lastKnownFileType = image.png; path = my_top_1_29.png; sourceTree = "<group>"; };
		AAA26F7A134C16250083B7B1 /* my_top_1_50.png */ = {isa = PBXFileReference; lastKnownFileType = image.png; path = my_top_1_50.png; sourceTree = "<group>"; };
		AAA26F7B134C16250083B7B1 /* my_top_1_57.png */ = {isa = PBXFileReference; lastKnownFileType = image.png; path = my_top_1_57.png; sourceTree = "<group>"; };
		AAA26F7C134C16250083B7B1 /* my_top_1_58.png */ = {isa = PBXFileReference; lastKnownFileType = image.png; path = my_top_1_58.png; sourceTree = "<group>"; };
		AAA26F7D134C16250083B7B1 /* my_top_1_72.png */ = {isa = PBXFileReference; lastKnownFileType = image.png; path = my_top_1_72.png; sourceTree = "<group>"; };
		AAA26F7E134C16250083B7B1 /* my_top_1_114.png */ = {isa = PBXFileReference; lastKnownFileType = image.png; path = my_top_1_114.png; sourceTree = "<group>"; };
/* End PBXFileReference section */

/* Begin PBXFrameworksBuildPhase section */
		1D60588F0D05DD3D006BFB54 /* Frameworks */ = {
			isa = PBXFrameworksBuildPhase;
			buildActionMask = 2147483647;
			files = (
				1D60589F0D05DD5A006BFB54 /* Foundation.framework in Frameworks */,
				1DF5F4E00D08C38300B7A737 /* UIKit.framework in Frameworks */,
				288765A50DF7441C002DB57D /* CoreGraphics.framework in Frameworks */,
				AA2166AB1317E3C00064ED70 /* AddressBookUI.framework in Frameworks */,
				AA2167381317ECAC0064ED70 /* AddressBook.framework in Frameworks */,
			);
			runOnlyForDeploymentPostprocessing = 0;
		};
/* End PBXFrameworksBuildPhase section */

/* Begin PBXGroup section */
		080E96DDFE201D6D7F000001 /* Classes */ = {
			isa = PBXGroup;
			children = (
				AA370B15133AD6F60096922C /* UIKitHelpers */,
				AA74A4B713183EA10082B712 /* App Delegate */,
				AA74A4B813183EC40082B712 /* Main View Controller */,
			);
			path = Classes;
			sourceTree = "<group>";
		};
		19C28FACFE9D520D11CA2CBB /* Products */ = {
			isa = PBXGroup;
			children = (
				1D6058910D05DD3D006BFB54 /* MyTop1.app */,
			);
			name = Products;
			sourceTree = "<group>";
		};
		29B97314FDCFA39411CA2CEA /* CustomTemplate */ = {
			isa = PBXGroup;
			children = (
				080E96DDFE201D6D7F000001 /* Classes */,
				29B97315FDCFA39411CA2CEA /* Other Sources */,
				29B97317FDCFA39411CA2CEA /* Resources */,
				29B97323FDCFA39411CA2CEA /* Frameworks */,
				19C28FACFE9D520D11CA2CBB /* Products */,
			);
			name = CustomTemplate;
			sourceTree = "<group>";
		};
		29B97315FDCFA39411CA2CEA /* Other Sources */ = {
			isa = PBXGroup;
			children = (
				32CA4F630368D1EE00C91783 /* MyTop1_Prefix.pch */,
				29B97316FDCFA39411CA2CEA /* main.m */,
			);
			name = "Other Sources";
			sourceTree = "<group>";
		};
		29B97317FDCFA39411CA2CEA /* Resources */ = {
			isa = PBXGroup;
			children = (
				AA28D533134AD48B0095215F /* Icons */,
				AA28D524134AD2F90095215F /* Screenshots */,
				AA4389F3131C2AD1000AD80A /* README.mkdn */,
				8D1107310486CEB800E47090 /* MyTop1-Info.plist */,
				AA438937131C0976000AD80A /* Settings.bundle */,
				28AD733E0D9D9553002E5188 /* MainWindow.xib */,
				2899E5210DE3E06400AC0155 /* MyTop1ViewController.xib */,
			);
			name = Resources;
			sourceTree = "<group>";
		};
		29B97323FDCFA39411CA2CEA /* Frameworks */ = {
			isa = PBXGroup;
			children = (
				1DF5F4DF0D08C38300B7A737 /* UIKit.framework */,
				1D30AB110D05D00D00671497 /* Foundation.framework */,
				288765A40DF7441C002DB57D /* CoreGraphics.framework */,
				AA2166AA1317E3C00064ED70 /* AddressBookUI.framework */,
				AA2167371317ECAC0064ED70 /* AddressBook.framework */,
			);
			name = Frameworks;
			sourceTree = "<group>";
		};
		AA28D524134AD2F90095215F /* Screenshots */ = {
			isa = PBXGroup;
			children = (
				AA28D525134AD3420095215F /* 1.PNG */,
				AA28D526134AD3420095215F /* 2.PNG */,
				AA28D527134AD3420095215F /* 3.PNG */,
				AA28D528134AD3420095215F /* 4.PNG */,
				AA28D529134AD3420095215F /* 5.PNG */,
				AA28D52A134AD3420095215F /* 6.PNG */,
				AA28D52B134AD3420095215F /* 7.PNG */,
			);
			name = Screenshots;
			sourceTree = "<group>";
		};
		AA28D533134AD48B0095215F /* Icons */ = {
			isa = PBXGroup;
			children = (
				AA193970133979630048FC7D /* my_top_1.png */,
				AAA26F78134C16250083B7B1 /* iTunesArtwork */,
				AAA26F79134C16250083B7B1 /* my_top_1_29.png */,
				AAA26F7A134C16250083B7B1 /* my_top_1_50.png */,
				AAA26F7B134C16250083B7B1 /* my_top_1_57.png */,
				AAA26F7C134C16250083B7B1 /* my_top_1_58.png */,
				AAA26F7D134C16250083B7B1 /* my_top_1_72.png */,
				AAA26F7E134C16250083B7B1 /* my_top_1_114.png */,
				AA71A919134942F200371B36 /* my_top_1_small.png */,
			);
			name = Icons;
			sourceTree = "<group>";
		};
		AA370B15133AD6F60096922C /* UIKitHelpers */ = {
			isa = PBXGroup;
			children = (
				AA370B16133AD6F60096922C /* Call.h */,
				AA370B17133AD6F60096922C /* Call.m */,
				AA370B18133AD6F60096922C /* Messages.h */,
				AA370B19133AD6F60096922C /* Messages.m */,
				AA370B1A133AD6F60096922C /* README.mkdn */,
				AA370B1B133AD6F60096922C /* UIAlertView+ShowMessage.h */,
				AA370B1C133AD6F60096922C /* UIAlertView+ShowMessage.m */,
				AA370B1D133AD6F60096922C /* UIDevice+SupportedFeatures.h */,
				AA370B1E133AD6F60096922C /* UIDevice+SupportedFeatures.m */,
				AA370B1F133AD6F60096922C /* UIKitHelpers.h */,
			);
			path = UIKitHelpers;
			sourceTree = "<group>";
		};
		AA74A4B713183EA10082B712 /* App Delegate */ = {
			isa = PBXGroup;
			children = (
				1D3623240D0F684500981E51 /* MyTop1AppDelegate.h */,
				1D3623250D0F684500981E51 /* MyTop1AppDelegate.m */,
			);
			name = "App Delegate";
			sourceTree = "<group>";
		};
		AA74A4B813183EC40082B712 /* Main View Controller */ = {
			isa = PBXGroup;
			children = (
				28D7ACF60DDB3853001CB0EB /* MyTop1ViewController.h */,
				28D7ACF70DDB3853001CB0EB /* MyTop1ViewController.m */,
			);
			name = "Main View Controller";
			sourceTree = "<group>";
		};
/* End PBXGroup section */

/* Begin PBXNativeTarget section */
		1D6058900D05DD3D006BFB54 /* MyTop1 */ = {
			isa = PBXNativeTarget;
			buildConfigurationList = 1D6058960D05DD3E006BFB54 /* Build configuration list for PBXNativeTarget "MyTop1" */;
			buildPhases = (
				1D60588D0D05DD3D006BFB54 /* Resources */,
				1D60588E0D05DD3D006BFB54 /* Sources */,
				1D60588F0D05DD3D006BFB54 /* Frameworks */,
			);
			buildRules = (
			);
			dependencies = (
			);
			name = MyTop1;
			productName = MyTop1;
			productReference = 1D6058910D05DD3D006BFB54 /* MyTop1.app */;
			productType = "com.apple.product-type.application";
		};
/* End PBXNativeTarget section */

/* Begin PBXProject section */
		29B97313FDCFA39411CA2CEA /* Project object */ = {
			isa = PBXProject;
			buildConfigurationList = C01FCF4E08A954540054247B /* Build configuration list for PBXProject "MyTop1" */;
			compatibilityVersion = "Xcode 3.1";
			developmentRegion = English;
			hasScannedForEncodings = 1;
			knownRegions = (
				English,
				Japanese,
				French,
				German,
			);
			mainGroup = 29B97314FDCFA39411CA2CEA /* CustomTemplate */;
			projectDirPath = "";
			projectRoot = "";
			targets = (
				1D6058900D05DD3D006BFB54 /* MyTop1 */,
			);
		};
/* End PBXProject section */

/* Begin PBXResourcesBuildPhase section */
		1D60588D0D05DD3D006BFB54 /* Resources */ = {
			isa = PBXResourcesBuildPhase;
			buildActionMask = 2147483647;
			files = (
				28AD733F0D9D9553002E5188 /* MainWindow.xib in Resources */,
				2899E5220DE3E06400AC0155 /* MyTop1ViewController.xib in Resources */,
				AA438938131C0976000AD80A /* Settings.bundle in Resources */,
				AA193971133979630048FC7D /* my_top_1.png in Resources */,
				AA370B22133AD6F60096922C /* README.mkdn in Resources */,
				AA71A91A134942F200371B36 /* my_top_1_small.png in Resources */,
				AA28D52C134AD3420095215F /* 1.PNG in Resources */,
				AA28D52D134AD3420095215F /* 2.PNG in Resources */,
				AA28D52E134AD3420095215F /* 3.PNG in Resources */,
				AA28D52F134AD3420095215F /* 4.PNG in Resources */,
				AA28D530134AD3420095215F /* 5.PNG in Resources */,
				AA28D531134AD3420095215F /* 6.PNG in Resources */,
				AA28D532134AD3420095215F /* 7.PNG in Resources */,
				AAA26F7F134C16250083B7B1 /* iTunesArtwork in Resources */,
				AAA26F80134C16250083B7B1 /* my_top_1_29.png in Resources */,
				AAA26F81134C16250083B7B1 /* my_top_1_50.png in Resources */,
				AAA26F82134C16250083B7B1 /* my_top_1_57.png in Resources */,
				AAA26F83134C16250083B7B1 /* my_top_1_58.png in Resources */,
				AAA26F84134C16250083B7B1 /* my_top_1_72.png in Resources */,
				AAA26F85134C16250083B7B1 /* my_top_1_114.png in Resources */,
			);
			runOnlyForDeploymentPostprocessing = 0;
		};
/* End PBXResourcesBuildPhase section */

/* Begin PBXSourcesBuildPhase section */
		1D60588E0D05DD3D006BFB54 /* Sources */ = {
			isa = PBXSourcesBuildPhase;
			buildActionMask = 2147483647;
			files = (
				1D60589B0D05DD56006BFB54 /* main.m in Sources */,
				1D3623260D0F684500981E51 /* MyTop1AppDelegate.m in Sources */,
				28D7ACF80DDB3853001CB0EB /* MyTop1ViewController.m in Sources */,
				AA370B20133AD6F60096922C /* Call.m in Sources */,
				AA370B21133AD6F60096922C /* Messages.m in Sources */,
				AA370B23133AD6F60096922C /* UIAlertView+ShowMessage.m in Sources */,
				AA370B24133AD6F60096922C /* UIDevice+SupportedFeatures.m in Sources */,
			);
			runOnlyForDeploymentPostprocessing = 0;
		};
/* End PBXSourcesBuildPhase section */

/* Begin XCBuildConfiguration section */
		1D6058940D05DD3E006BFB54 /* Debug */ = {
			isa = XCBuildConfiguration;
			buildSettings = {
				ALWAYS_SEARCH_USER_PATHS = NO;
				CODE_SIGN_IDENTITY = "iPhone Developer: Elomar Nascimento dos Santos (SEZ79GBPJT)";
				COPY_PHASE_STRIP = NO;
				GCC_DYNAMIC_NO_PIC = NO;
				GCC_OPTIMIZATION_LEVEL = 0;
				GCC_PRECOMPILE_PREFIX_HEADER = YES;
				GCC_PREFIX_HEADER = MyTop1_Prefix.pch;
				INFOPLIST_FILE = "MyTop1-Info.plist";
				IPHONEOS_DEPLOYMENT_TARGET = 3.0;
				PRODUCT_NAME = MyTop1;
				PROVISIONING_PROFILE = "D734FD29-6FFC-4B54-A105-FF30812EABFB";
			};
			name = Debug;
		};
		1D6058950D05DD3E006BFB54 /* Release */ = {
			isa = XCBuildConfiguration;
			buildSettings = {
				ALWAYS_SEARCH_USER_PATHS = NO;
				CODE_SIGN_IDENTITY = "iPhone Developer: Elomar Nascimento dos Santos (SEZ79GBPJT)";
				COPY_PHASE_STRIP = YES;
				GCC_PRECOMPILE_PREFIX_HEADER = YES;
				GCC_PREFIX_HEADER = MyTop1_Prefix.pch;
				INFOPLIST_FILE = "MyTop1-Info.plist";
				IPHONEOS_DEPLOYMENT_TARGET = 3.0;
				PRODUCT_NAME = MyTop1;
				PROVISIONING_PROFILE = "D734FD29-6FFC-4B54-A105-FF30812EABFB";
				VALIDATE_PRODUCT = YES;
			};
			name = Release;
		};
		C01FCF4F08A954540054247B /* Debug */ = {
			isa = XCBuildConfiguration;
			buildSettings = {
				ARCHS = "$(ARCHS_STANDARD_32_BIT)";
				"CODE_SIGN_IDENTITY[sdk=iphoneos*]" = "iPhone Developer: Elomar Nascimento dos Santos (SEZ79GBPJT)";
				GCC_C_LANGUAGE_STANDARD = c99;
				GCC_WARN_ABOUT_RETURN_TYPE = YES;
				GCC_WARN_UNUSED_VARIABLE = YES;
				IPHONEOS_DEPLOYMENT_TARGET = 3.0;
				PREBINDING = NO;
				"PROVISIONING_PROFILE[sdk=iphoneos*]" = "6233D815-246A-4734-A6DE-403CEC3A0089";
				SDKROOT = iphoneos4.3;
			};
			name = Debug;
		};
		C01FCF5008A954540054247B /* Release */ = {
			isa = XCBuildConfiguration;
			buildSettings = {
				ARCHS = "$(ARCHS_STANDARD_32_BIT)";
				CODE_SIGN_IDENTITY = "iPhone Distribution";
				"CODE_SIGN_IDENTITY[sdk=iphoneos*]" = "iPhone Distribution";
				GCC_C_LANGUAGE_STANDARD = c99;
				GCC_WARN_ABOUT_RETURN_TYPE = YES;
				GCC_WARN_UNUSED_VARIABLE = YES;
				IPHONEOS_DEPLOYMENT_TARGET = 3.0;
				OTHER_CFLAGS = "-DNS_BLOCK_ASSERTIONS=1";
				PREBINDING = NO;
				PROVISIONING_PROFILE = "";
				"PROVISIONING_PROFILE[sdk=iphoneos*]" = "";
				SDKROOT = iphoneos4.3;
			};
			name = Release;
		};
/* End XCBuildConfiguration section */

/* Begin XCConfigurationList section */
		1D6058960D05DD3E006BFB54 /* Build configuration list for PBXNativeTarget "MyTop1" */ = {
			isa = XCConfigurationList;
			buildConfigurations = (
				1D6058940D05DD3E006BFB54 /* Debug */,
				1D6058950D05DD3E006BFB54 /* Release */,
			);
			defaultConfigurationIsVisible = 0;
			defaultConfigurationName = Release;
		};
		C01FCF4E08A954540054247B /* Build configuration list for PBXProject "MyTop1" */ = {
			isa = XCConfigurationList;
			buildConfigurations = (
				C01FCF4F08A954540054247B /* Debug */,
				C01FCF5008A954540054247B /* Release */,
			);
			defaultConfigurationIsVisible = 0;
			defaultConfigurationName = Release;
		};
/* End XCConfigurationList section */
	};
	rootObject = 29B97313FDCFA39411CA2CEA /* Project object */;
}
